
Microsoft Visual Studio Solution File, Format Version 12.00
# Visual Studio Version 16
VisualStudioVersion = 16.0.28803.202
MinimumVisualStudioVersion = 10.0.40219.1
Project("{FAE04EC0-301F-11D3-BF4B-00C04F79EFBC}") = "List And DS Complexity Exercises", "List And DS Complexity Exercises.csproj", "{BACAA907-61A2-4DC9-A68E-FCA75A2BF88A}"
EndProject
Project("{FAE04EC0-301F-11D3-BF4B-00C04F79EFBC}") = "T01_Sum_And_Average", "T01_Sum_And_Average\T01_Sum_And_Average.csproj", "{C302ADCA-6DA0-4ADC-8EE2-65EA381D0B6D}"
EndProject
Project("{FAE04EC0-301F-11D3-BF4B-00C04F79EFBC}") = "T02_Sort_Words", "..\Sort Words\T02_Sort_Words.csproj", "{4D3679D3-07B6-4C15-A505-5322AAAEB0E3}"
EndProject
Project("{FAE04EC0-301F-11D3-BF4B-00C04F79EFBC}") = "T03_Longest_Subsequence", "..\T03_Longest_Subsequence\T03_Longest_Subsequence.csproj", "{F876D945-1373-43BA-8FAE-CD2574B2F9E4}"
EndProject
Project("{FAE04EC0-301F-11D3-BF4B-00C04F79EFBC}") = "T04_Remove_Odd_Occurrences", "..\T04_Remove_Odd_Occurrences\T04_Remove_Odd_Occurrences.csproj", "{01797BC7-F621-41A8-BAF3-4A172D5D8ABB}"
EndProject
Project("{FAE04EC0-301F-11D3-BF4B-00C04F79EFBC}") = "T05_Count_Occurrences", "..\T05_Count_Occurrences\T05_Count_Occurrences.csproj", "{A194441A-2FC1-4BFA-802E-C40546C79BCF}"
EndProject
Project("{FAE04EC0-301F-11D3-BF4B-00C04F79EFBC}") = "T06_Reversed_List", "..\ReversedList\T06_Reversed_List.csproj", "{DE4AE842-33F9-4256-BB35-6855EC1C7866}"
EndProject
Global
	GlobalSection(SolutionConfigurationPlatforms) = preSolution
		Debug|Any CPU = Debug|Any CPU
		Release|Any CPU = Release|Any CPU
	EndGlobalSection
	GlobalSection(ProjectConfigurationPlatforms) = postSolution
		{BACAA907-61A2-4DC9-A68E-FCA75A2BF88A}.Debug|Any CPU.ActiveCfg = Debug|Any CPU
		{BACAA907-61A2-4DC9-A68E-FCA75A2BF88A}.Debug|Any CPU.Build.0 = Debug|Any CPU
		{BACAA907-61A2-4DC9-A68E-FCA75A2BF88A}.Release|Any CPU.ActiveCfg = Release|Any CPU
		{BACAA907-61A2-4DC9-A68E-FCA75A2BF88A}.Release|Any CPU.Build.0 = Release|Any CPU
		{C302ADCA-6DA0-4ADC-8EE2-65EA381D0B6D}.Debug|Any CPU.ActiveCfg = Debug|Any CPU
		{C302ADCA-6DA0-4ADC-8EE2-65EA381D0B6D}.Debug|Any CPU.Build.0 = Debug|Any CPU
		{C302ADCA-6DA0-4ADC-8EE2-65EA381D0B6D}.Release|Any CPU.ActiveCfg = Release|Any CPU
		{C302ADCA-6DA0-4ADC-8EE2-65EA381D0B6D}.Release|Any CPU.Build.0 = Release|Any CPU
		{4D3679D3-07B6-4C15-A505-5322AAAEB0E3}.Debug|Any CPU.ActiveCfg = Debug|Any CPU
		{4D3679D3-07B6-4C15-A505-5322AAAEB0E3}.Debug|Any CPU.Build.0 = Debug|Any CPU
		{4D3679D3-07B6-4C15-A505-5322AAAEB0E3}.Release|Any CPU.ActiveCfg = Release|Any CPU
		{4D3679D3-07B6-4C15-A505-5322AAAEB0E3}.Release|Any CPU.Build.0 = Release|Any CPU
		{F876D945-1373-43BA-8FAE-CD2574B2F9E4}.Debug|Any CPU.ActiveCfg = Debug|Any CPU
		{F876D945-1373-43BA-8FAE-CD2574B2F9E4}.Debug|Any CPU.Build.0 = Debug|Any CPU
		{F876D945-1373-43BA-8FAE-CD2574B2F9E4}.Release|Any CPU.ActiveCfg = Release|Any CPU
		{F876D945-1373-43BA-8FAE-CD2574B2F9E4}.Release|Any CPU.Build.0 = Release|Any CPU
		{01797BC7-F621-41A8-BAF3-4A172D5D8ABB}.Debug|Any CPU.ActiveCfg = Debug|Any CPU
		{01797BC7-F621-41A8-BAF3-4A172D5D8ABB}.Debug|Any CPU.Build.0 = Debug|Any CPU
		{01797BC7-F621-41A8-BAF3-4A172D5D8ABB}.Release|Any CPU.ActiveCfg = Release|Any CPU
		{01797BC7-F621-41A8-BAF3-4A172D5D8ABB}.Release|Any CPU.Build.0 = Release|Any CPU
		{A194441A-2FC1-4BFA-802E-C40546C79BCF}.Debug|Any CPU.ActiveCfg = Debug|Any CPU
		{A194441A-2FC1-4BFA-802E-C40546C79BCF}.Debug|Any CPU.Build.0 = Debug|Any CPU
		{A194441A-2FC1-4BFA-802E-C40546C79BCF}.Release|Any CPU.ActiveCfg = Release|Any CPU
		{A194441A-2FC1-4BFA-802E-C40546C79BCF}.Release|Any CPU.Build.0 = Release|Any CPU
		{DE4AE842-33F9-4256-BB35-6855EC1C7866}.Debug|Any CPU.ActiveCfg = Debug|Any CPU
		{DE4AE842-33F9-4256-BB35-6855EC1C7866}.Debug|Any CPU.Build.0 = Debug|Any CPU
		{DE4AE842-33F9-4256-BB35-6855EC1C7866}.Release|Any CPU.ActiveCfg = Release|Any CPU
		{DE4AE842-33F9-4256-BB35-6855EC1C7866}.Release|Any CPU.Build.0 = Release|Any CPU
	EndGlobalSection
	GlobalSection(SolutionProperties) = preSolution
		HideSolutionNode = FALSE
	EndGlobalSection
	GlobalSection(ExtensibilityGlobals) = postSolution
		SolutionGuid = {CD5E1208-2FE7-4614-96F1-2E87B121B24B}
	EndGlobalSection
EndGlobal
